Microsoft Visual Studio Solution File, Format Version 12.00
# Visual Studio Version 16
VisualStudioVersion = 16.0.37507.1
MinimumVisualStudioVersion = 10.0.40219.1
Project("{2150E333-8FDC-42A3-9474-1A3956D46DE8}") = "Third-Party", "Third-Party", "{2BFC806B-CE92-4EA4-8FE8-5F2EA54BA348}"
EndProject
Project("{8BC9CEB8-8B4A-11D0-8D11-00A0C91BC942}") = "xrEngine", "Sources\Runtime\xrEngine\xrEngine.vcxproj", "{2578C6D8-660D-48AE-9322-7422F8664F06}"
EndProject
Project("{8BC9CEB8-8B4A-11D0-8D11-00A0C91BC942}") = "xrSound", "Sources\Runtime\xrSound\xrSound.vcxproj", "{CCCA7859-EB86-493E-9B53-C4235F45B3C5}"
EndProject
Project("{8BC9CEB8-8B4A-11D0-8D11-00A0C91BC942}") = "xrCore", "Sources\Runtime\xrCore\xrCore.vcxproj", "{A0F7D1FB-59A7-4717-A7E4-96F37E91998E}"
EndProject
Project("{8BC9CEB8-8B4A-11D0-8D11-00A0C91BC942}") = "xrCDB", "Sources\Runtime\xrCDB\xrCDB.vcxproj", "{A19B1DF2-82EC-4364-8BDF-85D13A1C89B5}"
EndProject
Project("{8BC9CEB8-8B4A-11D0-8D11-00A0C91BC942}") = "ode", "Sources\Runtime\xrODE\contrib\msvc7\ode_default\default.vcxproj", "{1BF75FEB-87DD-486C-880B-227987D191C2}"
EndProject
Project("{8BC9CEB8-8B4A-11D0-8D11-00A0C91BC942}") = "xrParticles", "Sources\Runtime\xrParticles\xrParticles.vcxproj", "{94A1C366-3D19-48E6-8170-4ADC2E70DF97}"
EndProject
Project("{8BC9CEB8-8B4A-11D0-8D11-00A0C91BC942}") = "xrNetServer", "Sources\Runtime\xrNetServer\xrNetServer.vcxproj", "{435BAC9A-B225-457D-AB40-C9BD0CC8838C}"
EndProject
Project("{8BC9CEB8-8B4A-11D0-8D11-00A0C91BC942}") = "xrLUA", "Sources\Runtime\xrLua\xrLua.vcxproj", "{9ACE5473-6D68-4B96-AC42-B39EABA0FE1F}"
EndProject
Project("{8BC9CEB8-8B4A-11D0-8D11-00A0C91BC942}") = "xrGame", "Sources\Runtime\xrGame\xrGame.vcxproj", "{200652A6-043E-4634-8837-87983B3BD5E0}"
	ProjectSection(ProjectDependencies) = postProject
		{435BAC9A-B225-457D-AB40-C9BD0CC8838C} = {435BAC9A-B225-457D-AB40-C9BD0CC8838C}
		{2578C6D8-660D-48AE-9322-7422F8664F06} = {2578C6D8-660D-48AE-9322-7422F8664F06}
		{963BA4E5-499A-454D-B002-1D5ECE0527A6} = {963BA4E5-499A-454D-B002-1D5ECE0527A6}
		{A0F7D1FB-59A7-4717-A7E4-96F37E91998E} = {A0F7D1FB-59A7-4717-A7E4-96F37E91998E}
	EndProjectSection
EndProject
Project("{8BC9CEB8-8B4A-11D0-8D11-00A0C91BC942}") = "xrGameSpy", "Sources\Runtime\xrGameSpy\xrGameSpy.vcxproj", "{5535F6B4-7AE6-4B66-8AEA-CC31C14D7AB7}"
EndProject
Project("{8BC9CEB8-8B4A-11D0-8D11-00A0C91BC942}") = "xrRender", "Sources\Runtime\xrRender\xrRender_PC.vcxproj", "{963BA4E5-499A-454D-B002-1D5ECE0527A6}"
EndProject
Project("{8BC9CEB8-8B4A-11D0-8D11-00A0C91BC942}") = "Imgui", "Sources\Third-party\include\Imgui\Imgui.vcxproj", "{416E416C-4CE6-4163-888B-884D8AD77F7B}"
EndProject
Project("{2150E333-8FDC-42A3-9474-1A3956D46DE8}") = "Shaders", "Shaders", "{4C57098F-DEF5-4E4E-918D-5FD02971AA8E}"
EndProject
Project("{2150E333-8FDC-42A3-9474-1A3956D46DE8}") = "Network", "Network", "{A6F2CF4F-596A-4CCC-97B8-B3BDEFC4296E}"
EndProject
Project("{8BC9CEB8-8B4A-11D0-8D11-00A0C91BC942}") = "AuthLib", "..\Private\AuthLib\AuthLib.vcxproj", "{8231C1C4-626A-4625-A0ED-11F321A05D8A}"
EndProject
Project("{2150E333-8FDC-42A3-9474-1A3956D46DE8}") = "Private", "Private", "{3296F10D-6028-47EE-9DD3-70E4B240418A}"
EndProject
Project("{8BC9CEB8-8B4A-11D0-8D11-00A0C91BC942}") = "XORGen", "..\Private\XORGen\XORGen.vcxproj", "{FF30840B-C9E7-4EF8-99DA-5F798535201A}"
EndProject
Project("{8BC9CEB8-8B4A-11D0-8D11-00A0C91BC942}") = "MailService", "Sources\QOL&Network\MailService\MailService.vcxproj", "{83F61FEE-51D7-4D49-AAFE-02E2ADAA8CB0}"
EndProject
Project("{8BC9CEB8-8B4A-11D0-8D11-00A0C91BC942}") = "UpdateService", "Sources\QOL&Network\UpdateService\UpdateService.vcxproj", "{60670C5E-277E-46F5-9AF5-608DF325F3C5}"
EndProject
Project("{8BC9CEB8-8B4A-11D0-8D11-00A0C91BC942}") = "Launcher", "Sources\QOL&Network\Launcher\Launcher\Launcher.vcxproj", "{9231E588-8FF7-4349-8FB3-C6219D12BE0C}"
EndProject
Project("{8BC9CEB8-8B4A-11D0-8D11-00A0C91BC942}") = "Installer", "Sources\QOL&Network\Installer\Installer.vcxproj", "{762D3CF8-DD6D-44B4-881C-DBC6F15544F1}"
EndProject
Project("{2150E333-8FDC-42A3-9474-1A3956D46DE8}") = "QOL and Network", "QOL and Network", "{8852B2E8-14DF-4EE0-A27E-AF0FCFB08DB2}"
EndProject
Project("{8BC9CEB8-8B4A-11D0-8D11-00A0C91BC942}") = "xrRHI", "Sources\Runtime\xrRHI\xrRHI.vcxproj", "{A00D33CC-7F6C-4C7C-93E9-7E304C5D704F}"
EndProject
Project("{8BC9CEB8-8B4A-11D0-8D11-00A0C91BC942}") = "xrMath", "Sources\Runtime\xrMath\xrMath.vcxproj", "{1EB3E3C6-68DD-428F-A764-F6A4DB0ECDBB}"
EndProject
Project("{8BC9CEB8-8B4A-11D0-8D11-00A0C91BC942}") = "PresenceAudioSDK", "Sources\Third-party\include\PresenceAudioSDK\Source\PresenceAudioSDK.vcxproj", "{3069DDE2-B851-484D-94BB-BC53146C8EEE}"
EndProject
Project("{8BC9CEB8-8B4A-11D0-8D11-00A0C91BC942}") = "X-Ray Engine Shaders", "Shaders\X-Ray Engine Shaders.vcxproj", "{E27D3328-904A-4AA1-B62F-932A7AA0A614}"
EndProject
Project("{8BC9CEB8-8B4A-11D0-8D11-00A0C91BC942}") = "OptickCore", "Sources\Third-party\include\Optick\include\OptickCore.vcxproj", "{830934D9-6F6C-C37D-18F2-FB3304348F00}"
EndProject
Project("{8BC9CEB8-8B4A-11D0-8D11-00A0C91BC942}") = "libogg_static", "Sources\Third-party\include\libogg\win32\libogg_static.vcxproj", "{15CBFEFF-7965-41F5-B4E2-21E8795C9159}"
EndProject
Project("{8BC9CEB8-8B4A-11D0-8D11-00A0C91BC942}") = "libvorbis_static", "Sources\Third-party\include\libvorbis\win32\VS2010\libvorbis\libvorbis_static.vcxproj", "{3A214E06-B95E-4D61-A291-1F8DF2EC10FD}"
EndProject
Project("{8BC9CEB8-8B4A-11D0-8D11-00A0C91BC942}") = "libvorbisfile_static", "Sources\Third-party\include\libvorbis\win32\VS2010\libvorbisfile\libvorbisfile_static.vcxproj", "{CEBDE98B-A6AA-46E6-BC79-FAAF823DB9EC}"
EndProject
Project("{8BC9CEB8-8B4A-11D0-8D11-00A0C91BC942}") = "libtheora_static", "Sources\Third-party\include\libtheora\win32\VS2010\libtheora_static.vcxproj", "{653F3841-3F26-49B9-AFCF-091DB4B67031}"
EndProject
Project("{8BC9CEB8-8B4A-11D0-8D11-00A0C91BC942}") = "SoftX", "Sources\Third-party\include\SoftX\src\SoftX.vcxproj", "{CE2F84C9-34DD-436B-AFF9-D3A84C290E0C}"
EndProject
Global
	GlobalSection(SolutionConfigurationPlatforms) = preSolution
		Debug_Dedicated|Win32 = Debug_Dedicated|Win32
		Debug|Win32 = Debug|Win32
		Mixed_Dedicated|Win32 = Mixed_Dedicated|Win32
		Mixed|Win32 = Mixed|Win32
		Release Master Gold|Win32 = Release Master Gold|Win32
		Release_Dedicated|Win32 = Release_Dedicated|Win32
		Release|Win32 = Release|Win32
	EndGlobalSection
	GlobalSection(ProjectConfigurationPlatforms) = postSolution
		{2578C6D8-660D-48AE-9322-7422F8664F06}.Debug_Dedicated|Win32.ActiveCfg = Debug_Dedicated|Win32
		{2578C6D8-660D-48AE-9322-7422F8664F06}.Debug_Dedicated|Win32.Build.0 = Debug_Dedicated|Win32
		{2578C6D8-660D-48AE-9322-7422F8664F06}.Debug|Win32.ActiveCfg = Debug|Win32
		{2578C6D8-660D-48AE-9322-7422F8664F06}.Debug|Win32.Build.0 = Debug|Win32
		{2578C6D8-660D-48AE-9322-7422F8664F06}.Mixed_Dedicated|Win32.ActiveCfg = Mixed_Dedicated|Win32
		{2578C6D8-660D-48AE-9322-7422F8664F06}.Mixed_Dedicated|Win32.Build.0 = Mixed_Dedicated|Win32
		{2578C6D8-660D-48AE-9322-7422F8664F06}.Mixed|Win32.ActiveCfg = Mixed|Win32
		{2578C6D8-660D-48AE-9322-7422F8664F06}.Mixed|Win32.Build.0 = Mixed|Win32
		{2578C6D8-660D-48AE-9322-7422F8664F06}.Release Master Gold|Win32.ActiveCfg = Release Master Gold|Win32
		{2578C6D8-660D-48AE-9322-7422F8664F06}.Release Master Gold|Win32.Build.0 = Release Master Gold|Win32
		{2578C6D8-660D-48AE-9322-7422F8664F06}.Release_Dedicated|Win32.ActiveCfg = Release_Dedicated|Win32
		{2578C6D8-660D-48AE-9322-7422F8664F06}.Release_Dedicated|Win32.Build.0 = Release_Dedicated|Win32
		{2578C6D8-660D-48AE-9322-7422F8664F06}.Release|Win32.ActiveCfg = Release|Win32
		{2578C6D8-660D-48AE-9322-7422F8664F06}.Release|Win32.Build.0 = Release|Win32
		{CCCA7859-EB86-493E-9B53-C4235F45B3C5}.Debug_Dedicated|Win32.ActiveCfg = Debug|Win32
		{CCCA7859-EB86-493E-9B53-C4235F45B3C5}.Debug|Win32.ActiveCfg = Debug|Win32
		{CCCA7859-EB86-493E-9B53-C4235F45B3C5}.Debug|Win32.Build.0 = Debug|Win32
		{CCCA7859-EB86-493E-9B53-C4235F45B3C5}.Mixed_Dedicated|Win32.ActiveCfg = Mixed|Win32
		{CCCA7859-EB86-493E-9B53-C4235F45B3C5}.Mixed|Win32.ActiveCfg = Mixed|Win32
		{CCCA7859-EB86-493E-9B53-C4235F45B3C5}.Mixed|Win32.Build.0 = Mixed|Win32
		{CCCA7859-EB86-493E-9B53-C4235F45B3C5}.Release Master Gold|Win32.ActiveCfg = Release Master Gold|Win32
		{CCCA7859-EB86-493E-9B53-C4235F45B3C5}.Release Master Gold|Win32.Build.0 = Release Master Gold|Win32
		{CCCA7859-EB86-493E-9B53-C4235F45B3C5}.Release_Dedicated|Win32.ActiveCfg = Release|Win32
		{CCCA7859-EB86-493E-9B53-C4235F45B3C5}.Release|Win32.ActiveCfg = Release|Win32
		{CCCA7859-EB86-493E-9B53-C4235F45B3C5}.Release|Win32.Build.0 = Release|Win32
		{A0F7D1FB-59A7-4717-A7E4-96F37E91998E}.Debug_Dedicated|Win32.ActiveCfg = Debug|Win32
		{A0F7D1FB-59A7-4717-A7E4-96F37E91998E}.Debug|Win32.ActiveCfg = Debug|Win32
		{A0F7D1FB-59A7-4717-A7E4-96F37E91998E}.Debug|Win32.Build.0 = Debug|Win32
		{A0F7D1FB-59A7-4717-A7E4-96F37E91998E}.Mixed_Dedicated|Win32.ActiveCfg = Mixed|Win32
		{A0F7D1FB-59A7-4717-A7E4-96F37E91998E}.Mixed|Win32.ActiveCfg = Mixed|Win32
		{A0F7D1FB-59A7-4717-A7E4-96F37E91998E}.Mixed|Win32.Build.0 = Mixed|Win32
		{A0F7D1FB-59A7-4717-A7E4-96F37E91998E}.Release Master Gold|Win32.ActiveCfg = Release Master Gold|Win32
		{A0F7D1FB-59A7-4717-A7E4-96F37E91998E}.Release Master Gold|Win32.Build.0 = Release Master Gold|Win32
		{A0F7D1FB-59A7-4717-A7E4-96F37E91998E}.Release_Dedicated|Win32.ActiveCfg = Release|Win32
		{A0F7D1FB-59A7-4717-A7E4-96F37E91998E}.Release|Win32.ActiveCfg = Release|Win32
		{A0F7D1FB-59A7-4717-A7E4-96F37E91998E}.Release|Win32.Build.0 = Release|Win32
		{A19B1DF2-82EC-4364-8BDF-85D13A1C89B5}.Debug_Dedicated|Win32.ActiveCfg = Debug|Win32
		{A19B1DF2-82EC-4364-8BDF-85D13A1C89B5}.Debug|Win32.ActiveCfg = Debug|Win32
		{A19B1DF2-82EC-4364-8BDF-85D13A1C89B5}.Debug|Win32.Build.0 = Debug|Win32
		{A19B1DF2-82EC-4364-8BDF-85D13A1C89B5}.Mixed_Dedicated|Win32.ActiveCfg = Mixed|Win32
		{A19B1DF2-82EC-4364-8BDF-85D13A1C89B5}.Mixed|Win32.ActiveCfg = Mixed|Win32
		{A19B1DF2-82EC-4364-8BDF-85D13A1C89B5}.Mixed|Win32.Build.0 = Mixed|Win32
		{A19B1DF2-82EC-4364-8BDF-85D13A1C89B5}.Release Master Gold|Win32.ActiveCfg = Release Master Gold|Win32
		{A19B1DF2-82EC-4364-8BDF-85D13A1C89B5}.Release Master Gold|Win32.Build.0 = Release Master Gold|Win32
		{A19B1DF2-82EC-4364-8BDF-85D13A1C89B5}.Release_Dedicated|Win32.ActiveCfg = Release|Win32
		{A19B1DF2-82EC-4364-8BDF-85D13A1C89B5}.Release|Win32.ActiveCfg = Release|Win32
		{A19B1DF2-82EC-4364-8BDF-85D13A1C89B5}.Release|Win32.Build.0 = Release|Win32
		{1BF75FEB-87DD-486C-880B-227987D191C2}.Debug_Dedicated|Win32.ActiveCfg = Debug|Win32
		{1BF75FEB-87DD-486C-880B-227987D191C2}.Debug|Win32.ActiveCfg = Debug|Win32
		{1BF75FEB-87DD-486C-880B-227987D191C2}.Debug|Win32.Build.0 = Debug|Win32
		{1BF75FEB-87DD-486C-880B-227987D191C2}.Mixed_Dedicated|Win32.ActiveCfg = Mixed|Win32
		{1BF75FEB-87DD-486C-880B-227987D191C2}.Mixed|Win32.ActiveCfg = Mixed|Win32
		{1BF75FEB-87DD-486C-880B-227987D191C2}.Mixed|Win32.Build.0 = Mixed|Win32
		{1BF75FEB-87DD-486C-880B-227987D191C2}.Release Master Gold|Win32.ActiveCfg = Release Master Gold|Win32
		{1BF75FEB-87DD-486C-880B-227987D191C2}.Release Master Gold|Win32.Build.0 = Release Master Gold|Win32
		{1BF75FEB-87DD-486C-880B-227987D191C2}.Release_Dedicated|Win32.ActiveCfg = Release|Win32
		{1BF75FEB-87DD-486C-880B-227987D191C2}.Release|Win32.ActiveCfg = Release|Win32
		{1BF75FEB-87DD-486C-880B-227987D191C2}.Release|Win32.Build.0 = Release|Win32
		{94A1C366-3D19-48E6-8170-4ADC2E70DF97}.Debug_Dedicated|Win32.ActiveCfg = Debug|Win32
		{94A1C366-3D19-48E6-8170-4ADC2E70DF97}.Debug|Win32.ActiveCfg = Debug|Win32
		{94A1C366-3D19-48E6-8170-4ADC2E70DF97}.Debug|Win32.Build.0 = Debug|Win32
		{94A1C366-3D19-48E6-8170-4ADC2E70DF97}.Mixed_Dedicated|Win32.ActiveCfg = Mixed|Win32
		{94A1C366-3D19-48E6-8170-4ADC2E70DF97}.Mixed|Win32.ActiveCfg = Mixed|Win32
		{94A1C366-3D19-48E6-8170-4ADC2E70DF97}.Mixed|Win32.Build.0 = Mixed|Win32
		{94A1C366-3D19-48E6-8170-4ADC2E70DF97}.Release Master Gold|Win32.ActiveCfg = Release Master Gold|Win32
		{94A1C366-3D19-48E6-8170-4ADC2E70DF97}.Release Master Gold|Win32.Build.0 = Release Master Gold|Win32
		{94A1C366-3D19-48E6-8170-4ADC2E70DF97}.Release_Dedicated|Win32.ActiveCfg = Release|Win32
		{94A1C366-3D19-48E6-8170-4ADC2E70DF97}.Release|Win32.ActiveCfg = Release|Win32
		{94A1C366-3D19-48E6-8170-4ADC2E70DF97}.Release|Win32.Build.0 = Release|Win32
		{435BAC9A-B225-457D-AB40-C9BD0CC8838C}.Debug_Dedicated|Win32.ActiveCfg = Debug|Win32
		{435BAC9A-B225-457D-AB40-C9BD0CC8838C}.Debug|Win32.ActiveCfg = Debug|Win32
		{435BAC9A-B225-457D-AB40-C9BD0CC8838C}.Debug|Win32.Build.0 = Debug|Win32
		{435BAC9A-B225-457D-AB40-C9BD0CC8838C}.Mixed_Dedicated|Win32.ActiveCfg = Mixed|Win32
		{435BAC9A-B225-457D-AB40-C9BD0CC8838C}.Mixed|Win32.ActiveCfg = Mixed|Win32
		{435BAC9A-B225-457D-AB40-C9BD0CC8838C}.Mixed|Win32.Build.0 = Mixed|Win32
		{435BAC9A-B225-457D-AB40-C9BD0CC8838C}.Release Master Gold|Win32.ActiveCfg = Release Master Gold|Win32
		{435BAC9A-B225-457D-AB40-C9BD0CC8838C}.Release Master Gold|Win32.Build.0 = Release Master Gold|Win32
		{435BAC9A-B225-457D-AB40-C9BD0CC8838C}.Release_Dedicated|Win32.ActiveCfg = Release|Win32
		{435BAC9A-B225-457D-AB40-C9BD0CC8838C}.Release|Win32.ActiveCfg = Release|Win32
		{435BAC9A-B225-457D-AB40-C9BD0CC8838C}.Release|Win32.Build.0 = Release|Win32
		{9ACE5473-6D68-4B96-AC42-B39EABA0FE1F}.Debug_Dedicated|Win32.ActiveCfg = Debug|Win32
		{9ACE5473-6D68-4B96-AC42-B39EABA0FE1F}.Debug|Win32.ActiveCfg = Debug|Win32
		{9ACE5473-6D68-4B96-AC42-B39EABA0FE1F}.Debug|Win32.Build.0 = Debug|Win32
		{9ACE5473-6D68-4B96-AC42-B39EABA0FE1F}.Mixed_Dedicated|Win32.ActiveCfg = Mixed|Win32
		{9ACE5473-6D68-4B96-AC42-B39EABA0FE1F}.Mixed|Win32.ActiveCfg = Debug|Win32
		{9ACE5473-6D68-4B96-AC42-B39EABA0FE1F}.Mixed|Win32.Build.0 = Debug|Win32
		{9ACE5473-6D68-4B96-AC42-B39EABA0FE1F}.Release Master Gold|Win32.ActiveCfg = Release Master Gold|Win32
		{9ACE5473-6D68-4B96-AC42-B39EABA0FE1F}.Release Master Gold|Win32.Build.0 = Release Master Gold|Win32
		{9ACE5473-6D68-4B96-AC42-B39EABA0FE1F}.Release_Dedicated|Win32.ActiveCfg = Release|Win32
		{9ACE5473-6D68-4B96-AC42-B39EABA0FE1F}.Release|Win32.ActiveCfg = Release|Win32
		{9ACE5473-6D68-4B96-AC42-B39EABA0FE1F}.Release|Win32.Build.0 = Release|Win32
		{200652A6-043E-4634-8837-87983B3BD5E0}.Debug_Dedicated|Win32.ActiveCfg = Debug|Win32
		{200652A6-043E-4634-8837-87983B3BD5E0}.Debug_Dedicated|Win32.Build.0 = Debug|Win32
		{200652A6-043E-4634-8837-87983B3BD5E0}.Debug|Win32.ActiveCfg = Debug|Win32
		{200652A6-043E-4634-8837-87983B3BD5E0}.Debug|Win32.Build.0 = Debug|Win32
		{200652A6-043E-4634-8837-87983B3BD5E0}.Mixed_Dedicated|Win32.ActiveCfg = Mixed|Win32
		{200652A6-043E-4634-8837-87983B3BD5E0}.Mixed_Dedicated|Win32.Build.0 = Mixed|Win32
		{200652A6-043E-4634-8837-87983B3BD5E0}.Mixed|Win32.ActiveCfg = Mixed|Win32
		{200652A6-043E-4634-8837-87983B3BD5E0}.Mixed|Win32.Build.0 = Mixed|Win32
		{200652A6-043E-4634-8837-87983B3BD5E0}.Release Master Gold|Win32.ActiveCfg = Release Master Gold|Win32
		{200652A6-043E-4634-8837-87983B3BD5E0}.Release Master Gold|Win32.Build.0 = Release Master Gold|Win32
		{200652A6-043E-4634-8837-87983B3BD5E0}.Release_Dedicated|Win32.ActiveCfg = Release|Win32
		{200652A6-043E-4634-8837-87983B3BD5E0}.Release|Win32.ActiveCfg = Release|Win32
		{200652A6-043E-4634-8837-87983B3BD5E0}.Release|Win32.Build.0 = Release|Win32
		{5535F6B4-7AE6-4B66-8AEA-CC31C14D7AB7}.Debug_Dedicated|Win32.ActiveCfg = Debug|Win32
		{5535F6B4-7AE6-4B66-8AEA-CC31C14D7AB7}.Debug_Dedicated|Win32.Build.0 = Debug|Win32
		{5535F6B4-7AE6-4B66-8AEA-CC31C14D7AB7}.Debug|Win32.ActiveCfg = Debug|Win32
		{5535F6B4-7AE6-4B66-8AEA-CC31C14D7AB7}.Debug|Win32.Build.0 = Debug|Win32
		{5535F6B4-7AE6-4B66-8AEA-CC31C14D7AB7}.Mixed_Dedicated|Win32.ActiveCfg = Debug|Win32
		{5535F6B4-7AE6-4B66-8AEA-CC31C14D7AB7}.Mixed_Dedicated|Win32.Build.0 = Debug|Win32
		{5535F6B4-7AE6-4B66-8AEA-CC31C14D7AB7}.Mixed|Win32.ActiveCfg = Debug|Win32
		{5535F6B4-7AE6-4B66-8AEA-CC31C14D7AB7}.Mixed|Win32.Build.0 = Debug|Win32
		{5535F6B4-7AE6-4B66-8AEA-CC31C14D7AB7}.Release Master Gold|Win32.ActiveCfg = Release Master Gold|Win32
		{5535F6B4-7AE6-4B66-8AEA-CC31C14D7AB7}.Release Master Gold|Win32.Build.0 = Release Master Gold|Win32
		{5535F6B4-7AE6-4B66-8AEA-CC31C14D7AB7}.Release_Dedicated|Win32.ActiveCfg = Release|Win32
		{5535F6B4-7AE6-4B66-8AEA-CC31C14D7AB7}.Release|Win32.ActiveCfg = Release|Win32
		{5535F6B4-7AE6-4B66-8AEA-CC31C14D7AB7}.Release|Win32.Build.0 = Release|Win32
		{963BA4E5-499A-454D-B002-1D5ECE0527A6}.Debug_Dedicated|Win32.ActiveCfg = Debug|Win32
		{963BA4E5-499A-454D-B002-1D5ECE0527A6}.Debug_Dedicated|Win32.Build.0 = Debug|Win32
		{963BA4E5-499A-454D-B002-1D5ECE0527A6}.Debug|Win32.ActiveCfg = Debug|Win32
		{963BA4E5-499A-454D-B002-1D5ECE0527A6}.Debug|Win32.Build.0 = Debug|Win32
		{963BA4E5-499A-454D-B002-1D5ECE0527A6}.Mixed_Dedicated|Win32.ActiveCfg = Mixed|Win32
		{963BA4E5-499A-454D-B002-1D5ECE0527A6}.Mixed_Dedicated|Win32.Build.0 = Mixed|Win32
		{963BA4E5-499A-454D-B002-1D5ECE0527A6}.Mixed|Win32.ActiveCfg = Mixed|Win32
		{963BA4E5-499A-454D-B002-1D5ECE0527A6}.Mixed|Win32.Build.0 = Mixed|Win32
		{963BA4E5-499A-454D-B002-1D5ECE0527A6}.Release Master Gold|Win32.ActiveCfg = Release Master Gold|Win32
		{963BA4E5-499A-454D-B002-1D5ECE0527A6}.Release Master Gold|Win32.Build.0 = Release Master Gold|Win32
		{963BA4E5-499A-454D-B002-1D5ECE0527A6}.Release_Dedicated|Win32.ActiveCfg = Release|Win32
		{963BA4E5-499A-454D-B002-1D5ECE0527A6}.Release|Win32.ActiveCfg = Release|Win32
		{963BA4E5-499A-454D-B002-1D5ECE0527A6}.Release|Win32.Build.0 = Release|Win32
		{416E416C-4CE6-4163-888B-884D8AD77F7B}.Debug_Dedicated|Win32.ActiveCfg = Debug|Win32
		{416E416C-4CE6-4163-888B-884D8AD77F7B}.Debug_Dedicated|Win32.Build.0 = Debug|Win32
		{416E416C-4CE6-4163-888B-884D8AD77F7B}.Debug|Win32.ActiveCfg = Debug|Win32
		{416E416C-4CE6-4163-888B-884D8AD77F7B}.Debug|Win32.Build.0 = Debug|Win32
		{416E416C-4CE6-4163-888B-884D8AD77F7B}.Mixed_Dedicated|Win32.ActiveCfg = Debug|Win32
		{416E416C-4CE6-4163-888B-884D8AD77F7B}.Mixed_Dedicated|Win32.Build.0 = Debug|Win32
		{416E416C-4CE6-4163-888B-884D8AD77F7B}.Mixed|Win32.ActiveCfg = Debug|Win32
		{416E416C-4CE6-4163-888B-884D8AD77F7B}.Mixed|Win32.Build.0 = Debug|Win32
		{416E416C-4CE6-4163-888B-884D8AD77F7B}.Release Master Gold|Win32.ActiveCfg = Release|Win32
		{416E416C-4CE6-4163-888B-884D8AD77F7B}.Release Master Gold|Win32.Build.0 = Release|Win32
		{416E416C-4CE6-4163-888B-884D8AD77F7B}.Release_Dedicated|Win32.ActiveCfg = Release|Win32
		{416E416C-4CE6-4163-888B-884D8AD77F7B}.Release_Dedicated|Win32.Build.0 = Release|Win32
		{416E416C-4CE6-4163-888B-884D8AD77F7B}.Release|Win32.ActiveCfg = Release|Win32
		{416E416C-4CE6-4163-888B-884D8AD77F7B}.Release|Win32.Build.0 = Release|Win32
		{8231C1C4-626A-4625-A0ED-11F321A05D8A}.Debug_Dedicated|Win32.ActiveCfg = Debug|Win32
		{8231C1C4-626A-4625-A0ED-11F321A05D8A}.Debug|Win32.ActiveCfg = Debug|Win32
		{8231C1C4-626A-4625-A0ED-11F321A05D8A}.Mixed_Dedicated|Win32.ActiveCfg = Debug|Win32
		{8231C1C4-626A-4625-A0ED-11F321A05D8A}.Mixed|Win32.ActiveCfg = Debug|Win32
		{8231C1C4-626A-4625-A0ED-11F321A05D8A}.Release Master Gold|Win32.ActiveCfg = Release|Win32
		{8231C1C4-626A-4625-A0ED-11F321A05D8A}.Release_Dedicated|Win32.ActiveCfg = Release|Win32
		{8231C1C4-626A-4625-A0ED-11F321A05D8A}.Release|Win32.ActiveCfg = Release|Win32
		{FF30840B-C9E7-4EF8-99DA-5F798535201A}.Debug_Dedicated|Win32.ActiveCfg = Debug|Win32
		{FF30840B-C9E7-4EF8-99DA-5F798535201A}.Debug|Win32.ActiveCfg = Debug|Win32
		{FF30840B-C9E7-4EF8-99DA-5F798535201A}.Mixed_Dedicated|Win32.ActiveCfg = Debug|Win32
		{FF30840B-C9E7-4EF8-99DA-5F798535201A}.Mixed|Win32.ActiveCfg = Debug|Win32
		{FF30840B-C9E7-4EF8-99DA-5F798535201A}.Release Master Gold|Win32.ActiveCfg = Release|Win32
		{FF30840B-C9E7-4EF8-99DA-5F798535201A}.Release_Dedicated|Win32.ActiveCfg = Release|Win32
		{FF30840B-C9E7-4EF8-99DA-5F798535201A}.Release|Win32.ActiveCfg = Release|Win32
		{83F61FEE-51D7-4D49-AAFE-02E2ADAA8CB0}.Debug_Dedicated|Win32.ActiveCfg = Debug|Win32
		{83F61FEE-51D7-4D49-AAFE-02E2ADAA8CB0}.Debug_Dedicated|Win32.Build.0 = Debug|Win32
		{83F61FEE-51D7-4D49-AAFE-02E2ADAA8CB0}.Debug|Win32.ActiveCfg = Debug|Win32
		{83F61FEE-51D7-4D49-AAFE-02E2ADAA8CB0}.Debug|Win32.Build.0 = Debug|Win32
		{83F61FEE-51D7-4D49-AAFE-02E2ADAA8CB0}.Mixed_Dedicated|Win32.ActiveCfg = Debug|Win32
		{83F61FEE-51D7-4D49-AAFE-02E2ADAA8CB0}.Mixed_Dedicated|Win32.Build.0 = Debug|Win32
		{83F61FEE-51D7-4D49-AAFE-02E2ADAA8CB0}.Mixed|Win32.ActiveCfg = Debug|Win32
		{83F61FEE-51D7-4D49-AAFE-02E2ADAA8CB0}.Mixed|Win32.Build.0 = Debug|Win32
		{83F61FEE-51D7-4D49-AAFE-02E2ADAA8CB0}.Release Master Gold|Win32.ActiveCfg = Release|Win32
		{83F61FEE-51D7-4D49-AAFE-02E2ADAA8CB0}.Release Master Gold|Win32.Build.0 = Release|Win32
		{83F61FEE-51D7-4D49-AAFE-02E2ADAA8CB0}.Release_Dedicated|Win32.ActiveCfg = Release|Win32
		{83F61FEE-51D7-4D49-AAFE-02E2ADAA8CB0}.Release_Dedicated|Win32.Build.0 = Release|Win32
		{83F61FEE-51D7-4D49-AAFE-02E2ADAA8CB0}.Release|Win32.ActiveCfg = Release|Win32
		{83F61FEE-51D7-4D49-AAFE-02E2ADAA8CB0}.Release|Win32.Build.0 = Release|Win32
		{60670C5E-277E-46F5-9AF5-608DF325F3C5}.Debug_Dedicated|Win32.ActiveCfg = Debug|Win32
		{60670C5E-277E-46F5-9AF5-608DF325F3C5}.Debug_Dedicated|Win32.Build.0 = Debug|Win32
		{60670C5E-277E-46F5-9AF5-608DF325F3C5}.Debug|Win32.ActiveCfg = Debug|Win32
		{60670C5E-277E-46F5-9AF5-608DF325F3C5}.Debug|Win32.Build.0 = Debug|Win32
		{60670C5E-277E-46F5-9AF5-608DF325F3C5}.Mixed_Dedicated|Win32.ActiveCfg = Debug|Win32
		{60670C5E-277E-46F5-9AF5-608DF325F3C5}.Mixed_Dedicated|Win32.Build.0 = Debug|Win32
		{60670C5E-277E-46F5-9AF5-608DF325F3C5}.Mixed|Win32.ActiveCfg = Debug|Win32
		{60670C5E-277E-46F5-9AF5-608DF325F3C5}.Mixed|Win32.Build.0 = Debug|Win32
		{60670C5E-277E-46F5-9AF5-608DF325F3C5}.Release Master Gold|Win32.ActiveCfg = Release|Win32
		{60670C5E-277E-46F5-9AF5-608DF325F3C5}.Release Master Gold|Win32.Build.0 = Release|Win32
		{60670C5E-277E-46F5-9AF5-608DF325F3C5}.Release_Dedicated|Win32.ActiveCfg = Release|Win32
		{60670C5E-277E-46F5-9AF5-608DF325F3C5}.Release_Dedicated|Win32.Build.0 = Release|Win32
		{60670C5E-277E-46F5-9AF5-608DF325F3C5}.Release|Win32.ActiveCfg = Release|Win32
		{60670C5E-277E-46F5-9AF5-608DF325F3C5}.Release|Win32.Build.0 = Release|Win32
		{9231E588-8FF7-4349-8FB3-C6219D12BE0C}.Debug_Dedicated|Win32.ActiveCfg = Debug|Win32
		{9231E588-8FF7-4349-8FB3-C6219D12BE0C}.Debug|Win32.ActiveCfg = Debug|Win32
		{9231E588-8FF7-4349-8FB3-C6219D12BE0C}.Mixed_Dedicated|Win32.ActiveCfg = Debug|Win32
		{9231E588-8FF7-4349-8FB3-C6219D12BE0C}.Mixed|Win32.ActiveCfg = Debug|Win32
		{9231E588-8FF7-4349-8FB3-C6219D12BE0C}.Release Master Gold|Win32.ActiveCfg = Release|Win32
		{9231E588-8FF7-4349-8FB3-C6219D12BE0C}.Release_Dedicated|Win32.ActiveCfg = Release|Win32
		{9231E588-8FF7-4349-8FB3-C6219D12BE0C}.Release|Win32.ActiveCfg = Release|Win32
		{762D3CF8-DD6D-44B4-881C-DBC6F15544F1}.Debug_Dedicated|Win32.ActiveCfg = Debug|Win32
		{762D3CF8-DD6D-44B4-881C-DBC6F15544F1}.Debug|Win32.ActiveCfg = Debug|Win32
		{762D3CF8-DD6D-44B4-881C-DBC6F15544F1}.Mixed_Dedicated|Win32.ActiveCfg = Debug|Win32
		{762D3CF8-DD6D-44B4-881C-DBC6F15544F1}.Mixed|Win32.ActiveCfg = Debug|Win32
		{762D3CF8-DD6D-44B4-881C-DBC6F15544F1}.Release Master Gold|Win32.ActiveCfg = Release|Win32
		{762D3CF8-DD6D-44B4-881C-DBC6F15544F1}.Release_Dedicated|Win32.ActiveCfg = Release|Win32
		{762D3CF8-DD6D-44B4-881C-DBC6F15544F1}.Release|Win32.ActiveCfg = Release|Win32
		{A00D33CC-7F6C-4C7C-93E9-7E304C5D704F}.Debug_Dedicated|Win32.ActiveCfg = Debug|Win32
		{A00D33CC-7F6C-4C7C-93E9-7E304C5D704F}.Debug_Dedicated|Win32.Build.0 = Debug|Win32
		{A00D33CC-7F6C-4C7C-93E9-7E304C5D704F}.Debug|Win32.ActiveCfg = Debug|Win32
		{A00D33CC-7F6C-4C7C-93E9-7E304C5D704F}.Debug|Win32.Build.0 = Debug|Win32
		{A00D33CC-7F6C-4C7C-93E9-7E304C5D704F}.Mixed_Dedicated|Win32.ActiveCfg = Debug|Win32
		{A00D33CC-7F6C-4C7C-93E9-7E304C5D704F}.Mixed_Dedicated|Win32.Build.0 = Debug|Win32
		{A00D33CC-7F6C-4C7C-93E9-7E304C5D704F}.Mixed|Win32.ActiveCfg = Debug|Win32
		{A00D33CC-7F6C-4C7C-93E9-7E304C5D704F}.Mixed|Win32.Build.0 = Debug|Win32
		{A00D33CC-7F6C-4C7C-93E9-7E304C5D704F}.Release Master Gold|Win32.ActiveCfg = Release|Win32
		{A00D33CC-7F6C-4C7C-93E9-7E304C5D704F}.Release Master Gold|Win32.Build.0 = Release|Win32
		{A00D33CC-7F6C-4C7C-93E9-7E304C5D704F}.Release_Dedicated|Win32.ActiveCfg = Release|Win32
		{A00D33CC-7F6C-4C7C-93E9-7E304C5D704F}.Release_Dedicated|Win32.Build.0 = Release|Win32
		{A00D33CC-7F6C-4C7C-93E9-7E304C5D704F}.Release|Win32.ActiveCfg = Release|Win32
		{A00D33CC-7F6C-4C7C-93E9-7E304C5D704F}.Release|Win32.Build.0 = Release|Win32
		{1EB3E3C6-68DD-428F-A764-F6A4DB0ECDBB}.Debug_Dedicated|Win32.ActiveCfg = Debug|Win32
		{1EB3E3C6-68DD-428F-A764-F6A4DB0ECDBB}.Debug_Dedicated|Win32.Build.0 = Debug|Win32
		{1EB3E3C6-68DD-428F-A764-F6A4DB0ECDBB}.Debug|Win32.ActiveCfg = Debug|Win32
		{1EB3E3C6-68DD-428F-A764-F6A4DB0ECDBB}.Debug|Win32.Build.0 = Debug|Win32
		{1EB3E3C6-68DD-428F-A764-F6A4DB0ECDBB}.Mixed_Dedicated|Win32.ActiveCfg = Debug|Win32
		{1EB3E3C6-68DD-428F-A764-F6A4DB0ECDBB}.Mixed_Dedicated|Win32.Build.0 = Debug|Win32
		{1EB3E3C6-68DD-428F-A764-F6A4DB0ECDBB}.Mixed|Win32.ActiveCfg = Debug|Win32
		{1EB3E3C6-68DD-428F-A764-F6A4DB0ECDBB}.Mixed|Win32.Build.0 = Debug|Win32
		{1EB3E3C6-68DD-428F-A764-F6A4DB0ECDBB}.Release Master Gold|Win32.ActiveCfg = Release|Win32
		{1EB3E3C6-68DD-428F-A764-F6A4DB0ECDBB}.Release Master Gold|Win32.Build.0 = Release|Win32
		{1EB3E3C6-68DD-428F-A764-F6A4DB0ECDBB}.Release_Dedicated|Win32.ActiveCfg = Release|Win32
		{1EB3E3C6-68DD-428F-A764-F6A4DB0ECDBB}.Release_Dedicated|Win32.Build.0 = Release|Win32
		{1EB3E3C6-68DD-428F-A764-F6A4DB0ECDBB}.Release|Win32.ActiveCfg = Release|Win32
		{1EB3E3C6-68DD-428F-A764-F6A4DB0ECDBB}.Release|Win32.Build.0 = Release|Win32
		{3069DDE2-B851-484D-94BB-BC53146C8EEE}.Debug_Dedicated|Win32.ActiveCfg = Debug|Win32
		{3069DDE2-B851-484D-94BB-BC53146C8EEE}.Debug_Dedicated|Win32.Build.0 = Debug|Win32
		{3069DDE2-B851-484D-94BB-BC53146C8EEE}.Debug|Win32.ActiveCfg = Debug|Win32
		{3069DDE2-B851-484D-94BB-BC53146C8EEE}.Debug|Win32.Build.0 = Debug|Win32
		{3069DDE2-B851-484D-94BB-BC53146C8EEE}.Mixed_Dedicated|Win32.ActiveCfg = Debug|Win32
		{3069DDE2-B851-484D-94BB-BC53146C8EEE}.Mixed_Dedicated|Win32.Build.0 = Debug|Win32
		{3069DDE2-B851-484D-94BB-BC53146C8EEE}.Mixed|Win32.ActiveCfg = Debug|Win32
		{3069DDE2-B851-484D-94BB-BC53146C8EEE}.Mixed|Win32.Build.0 = Debug|Win32
		{3069DDE2-B851-484D-94BB-BC53146C8EEE}.Release Master Gold|Win32.ActiveCfg = Release|Win32
		{3069DDE2-B851-484D-94BB-BC53146C8EEE}.Release Master Gold|Win32.Build.0 = Release|Win32
		{3069DDE2-B851-484D-94BB-BC53146C8EEE}.Release_Dedicated|Win32.ActiveCfg = Release|Win32
		{3069DDE2-B851-484D-94BB-BC53146C8EEE}.Release_Dedicated|Win32.Build.0 = Release|Win32
		{3069DDE2-B851-484D-94BB-BC53146C8EEE}.Release|Win32.ActiveCfg = Release|Win32
		{3069DDE2-B851-484D-94BB-BC53146C8EEE}.Release|Win32.Build.0 = Release|Win32
		{E27D3328-904A-4AA1-B62F-932A7AA0A614}.Debug_Dedicated|Win32.ActiveCfg = Debug|Win32
		{E27D3328-904A-4AA1-B62F-932A7AA0A614}.Debug|Win32.ActiveCfg = Debug|Win32
		{E27D3328-904A-4AA1-B62F-932A7AA0A614}.Mixed_Dedicated|Win32.ActiveCfg = Debug|Win32
		{E27D3328-904A-4AA1-B62F-932A7AA0A614}.Mixed|Win32.ActiveCfg = Debug|Win32
		{E27D3328-904A-4AA1-B62F-932A7AA0A614}.Release Master Gold|Win32.ActiveCfg = Release w-o optimizations|Win32
		{E27D3328-904A-4AA1-B62F-932A7AA0A614}.Release_Dedicated|Win32.ActiveCfg = Release|Win32
		{E27D3328-904A-4AA1-B62F-932A7AA0A614}.Release|Win32.ActiveCfg = Release|Win32
		{830934D9-6F6C-C37D-18F2-FB3304348F00}.Debug_Dedicated|Win32.ActiveCfg = Debug|Win32
		{830934D9-6F6C-C37D-18F2-FB3304348F00}.Debug_Dedicated|Win32.Build.0 = Debug|Win32
		{830934D9-6F6C-C37D-18F2-FB3304348F00}.Debug|Win32.ActiveCfg = Debug|Win32
		{830934D9-6F6C-C37D-18F2-FB3304348F00}.Debug|Win32.Build.0 = Debug|Win32
		{830934D9-6F6C-C37D-18F2-FB3304348F00}.Mixed_Dedicated|Win32.ActiveCfg = Debug|Win32
		{830934D9-6F6C-C37D-18F2-FB3304348F00}.Mixed_Dedicated|Win32.Build.0 = Debug|Win32
		{830934D9-6F6C-C37D-18F2-FB3304348F00}.Mixed|Win32.ActiveCfg = Debug|Win32
		{830934D9-6F6C-C37D-18F2-FB3304348F00}.Mixed|Win32.Build.0 = Debug|Win32
		{830934D9-6F6C-C37D-18F2-FB3304348F00}.Release Master Gold|Win32.ActiveCfg = Release|Win32
		{830934D9-6F6C-C37D-18F2-FB3304348F00}.Release Master Gold|Win32.Build.0 = Release|Win32
		{830934D9-6F6C-C37D-18F2-FB3304348F00}.Release_Dedicated|Win32.ActiveCfg = Release|Win32
		{830934D9-6F6C-C37D-18F2-FB3304348F00}.Release_Dedicated|Win32.Build.0 = Release|Win32
		{830934D9-6F6C-C37D-18F2-FB3304348F00}.Release|Win32.ActiveCfg = Release|Win32
		{830934D9-6F6C-C37D-18F2-FB3304348F00}.Release|Win32.Build.0 = Release|Win32
		{15CBFEFF-7965-41F5-B4E2-21E8795C9159}.Debug_Dedicated|Win32.ActiveCfg = Debug|Win32
		{15CBFEFF-7965-41F5-B4E2-21E8795C9159}.Debug_Dedicated|Win32.Build.0 = Debug|Win32
		{15CBFEFF-7965-41F5-B4E2-21E8795C9159}.Debug|Win32.ActiveCfg = Debug|Win32
		{15CBFEFF-7965-41F5-B4E2-21E8795C9159}.Debug|Win32.Build.0 = Debug|Win32
		{15CBFEFF-7965-41F5-B4E2-21E8795C9159}.Mixed_Dedicated|Win32.ActiveCfg = Debug|Win32
		{15CBFEFF-7965-41F5-B4E2-21E8795C9159}.Mixed_Dedicated|Win32.Build.0 = Debug|Win32
		{15CBFEFF-7965-41F5-B4E2-21E8795C9159}.Mixed|Win32.ActiveCfg = Debug|Win32
		{15CBFEFF-7965-41F5-B4E2-21E8795C9159}.Mixed|Win32.Build.0 = Debug|Win32
		{15CBFEFF-7965-41F5-B4E2-21E8795C9159}.Release Master Gold|Win32.ActiveCfg = Release|Win32
		{15CBFEFF-7965-41F5-B4E2-21E8795C9159}.Release Master Gold|Win32.Build.0 = Release|Win32
		{15CBFEFF-7965-41F5-B4E2-21E8795C9159}.Release_Dedicated|Win32.ActiveCfg = Release|Win32
		{15CBFEFF-7965-41F5-B4E2-21E8795C9159}.Release_Dedicated|Win32.Build.0 = Release|Win32
		{15CBFEFF-7965-41F5-B4E2-21E8795C9159}.Release|Win32.ActiveCfg = Release|Win32
		{15CBFEFF-7965-41F5-B4E2-21E8795C9159}.Release|Win32.Build.0 = Release|Win32
		{3A214E06-B95E-4D61-A291-1F8DF2EC10FD}.Debug_Dedicated|Win32.ActiveCfg = Debug|Win32
		{3A214E06-B95E-4D61-A291-1F8DF2EC10FD}.Debug_Dedicated|Win32.Build.0 = Debug|Win32
		{3A214E06-B95E-4D61-A291-1F8DF2EC10FD}.Debug|Win32.ActiveCfg = Debug|Win32
		{3A214E06-B95E-4D61-A291-1F8DF2EC10FD}.Debug|Win32.Build.0 = Debug|Win32
		{3A214E06-B95E-4D61-A291-1F8DF2EC10FD}.Mixed_Dedicated|Win32.ActiveCfg = Debug|Win32
		{3A214E06-B95E-4D61-A291-1F8DF2EC10FD}.Mixed_Dedicated|Win32.Build.0 = Debug|Win32
		{3A214E06-B95E-4D61-A291-1F8DF2EC10FD}.Mixed|Win32.ActiveCfg = Debug|Win32
		{3A214E06-B95E-4D61-A291-1F8DF2EC10FD}.Mixed|Win32.Build.0 = Debug|Win32
		{3A214E06-B95E-4D61-A291-1F8DF2EC10FD}.Release Master Gold|Win32.ActiveCfg = Release|Win32
		{3A214E06-B95E-4D61-A291-1F8DF2EC10FD}.Release Master Gold|Win32.Build.0 = Release|Win32
		{3A214E06-B95E-4D61-A291-1F8DF2EC10FD}.Release_Dedicated|Win32.ActiveCfg = Release|Win32
		{3A214E06-B95E-4D61-A291-1F8DF2EC10FD}.Release_Dedicated|Win32.Build.0 = Release|Win32
		{3A214E06-B95E-4D61-A291-1F8DF2EC10FD}.Release|Win32.ActiveCfg = Release|Win32
		{3A214E06-B95E-4D61-A291-1F8DF2EC10FD}.Release|Win32.Build.0 = Release|Win32
		{CEBDE98B-A6AA-46E6-BC79-FAAF823DB9EC}.Debug_Dedicated|Win32.ActiveCfg = Debug|Win32
		{CEBDE98B-A6AA-46E6-BC79-FAAF823DB9EC}.Debug_Dedicated|Win32.Build.0 = Debug|Win32
		{CEBDE98B-A6AA-46E6-BC79-FAAF823DB9EC}.Debug|Win32.ActiveCfg = Debug|Win32
		{CEBDE98B-A6AA-46E6-BC79-FAAF823DB9EC}.Debug|Win32.Build.0 = Debug|Win32
		{CEBDE98B-A6AA-46E6-BC79-FAAF823DB9EC}.Mixed_Dedicated|Win32.ActiveCfg = Debug|Win32
		{CEBDE98B-A6AA-46E6-BC79-FAAF823DB9EC}.Mixed_Dedicated|Win32.Build.0 = Debug|Win32
		{CEBDE98B-A6AA-46E6-BC79-FAAF823DB9EC}.Mixed|Win32.ActiveCfg = Debug|Win32
		{CEBDE98B-A6AA-46E6-BC79-FAAF823DB9EC}.Mixed|Win32.Build.0 = Debug|Win32
		{CEBDE98B-A6AA-46E6-BC79-FAAF823DB9EC}.Release Master Gold|Win32.ActiveCfg = Release|Win32
		{CEBDE98B-A6AA-46E6-BC79-FAAF823DB9EC}.Release Master Gold|Win32.Build.0 = Release|Win32
		{CEBDE98B-A6AA-46E6-BC79-FAAF823DB9EC}.Release_Dedicated|Win32.ActiveCfg = Release|Win32
		{CEBDE98B-A6AA-46E6-BC79-FAAF823DB9EC}.Release_Dedicated|Win32.Build.0 = Release|Win32
		{CEBDE98B-A6AA-46E6-BC79-FAAF823DB9EC}.Release|Win32.ActiveCfg = Release|Win32
		{CEBDE98B-A6AA-46E6-BC79-FAAF823DB9EC}.Release|Win32.Build.0 = Release|Win32
		{653F3841-3F26-49B9-AFCF-091DB4B67031}.Debug_Dedicated|Win32.ActiveCfg = Debug|Win32
		{653F3841-3F26-49B9-AFCF-091DB4B67031}.Debug_Dedicated|Win32.Build.0 = Debug|Win32
		{653F3841-3F26-49B9-AFCF-091DB4B67031}.Debug|Win32.ActiveCfg = Debug|Win32
		{653F3841-3F26-49B9-AFCF-091DB4B67031}.Debug|Win32.Build.0 = Debug|Win32
		{653F3841-3F26-49B9-AFCF-091DB4B67031}.Mixed_Dedicated|Win32.ActiveCfg = Debug|Win32
		{653F3841-3F26-49B9-AFCF-091DB4B67031}.Mixed_Dedicated|Win32.Build.0 = Debug|Win32
		{653F3841-3F26-49B9-AFCF-091DB4B67031}.Mixed|Win32.ActiveCfg = Debug|Win32
		{653F3841-3F26-49B9-AFCF-091DB4B67031}.Mixed|Win32.Build.0 = Debug|Win32
		{653F3841-3F26-49B9-AFCF-091DB4B67031}.Release Master Gold|Win32.ActiveCfg = Release|Win32
		{653F3841-3F26-49B9-AFCF-091DB4B67031}.Release Master Gold|Win32.Build.0 = Release|Win32
		{653F3841-3F26-49B9-AFCF-091DB4B67031}.Release_Dedicated|Win32.ActiveCfg = Release|Win32
		{653F3841-3F26-49B9-AFCF-091DB4B67031}.Release_Dedicated|Win32.Build.0 = Release|Win32
		{653F3841-3F26-49B9-AFCF-091DB4B67031}.Release|Win32.ActiveCfg = Release|Win32
		{653F3841-3F26-49B9-AFCF-091DB4B67031}.Release|Win32.Build.0 = Release|Win32
		{CE2F84C9-34DD-436B-AFF9-D3A84C290E0C}.Debug_Dedicated|Win32.ActiveCfg = Debug|Win32
		{CE2F84C9-34DD-436B-AFF9-D3A84C290E0C}.Debug_Dedicated|Win32.Build.0 = Debug|Win32
		{CE2F84C9-34DD-436B-AFF9-D3A84C290E0C}.Debug|Win32.ActiveCfg = Debug|Win32
		{CE2F84C9-34DD-436B-AFF9-D3A84C290E0C}.Debug|Win32.Build.0 = Debug|Win32
		{CE2F84C9-34DD-436B-AFF9-D3A84C290E0C}.Mixed_Dedicated|Win32.ActiveCfg = Release|Win32
		{CE2F84C9-34DD-436B-AFF9-D3A84C290E0C}.Mixed_Dedicated|Win32.Build.0 = Release|Win32
		{CE2F84C9-34DD-436B-AFF9-D3A84C290E0C}.Mixed|Win32.ActiveCfg = Release|Win32
		{CE2F84C9-34DD-436B-AFF9-D3A84C290E0C}.Mixed|Win32.Build.0 = Release|Win32
		{CE2F84C9-34DD-436B-AFF9-D3A84C290E0C}.Release Master Gold|Win32.ActiveCfg = Release|Win32
		{CE2F84C9-34DD-436B-AFF9-D3A84C290E0C}.Release Master Gold|Win32.Build.0 = Release|Win32
		{CE2F84C9-34DD-436B-AFF9-D3A84C290E0C}.Release_Dedicated|Win32.ActiveCfg = Release|Win32
		{CE2F84C9-34DD-436B-AFF9-D3A84C290E0C}.Release_Dedicated|Win32.Build.0 = Release|Win32
		{CE2F84C9-34DD-436B-AFF9-D3A84C290E0C}.Release|Win32.ActiveCfg = Release|Win32
		{CE2F84C9-34DD-436B-AFF9-D3A84C290E0C}.Release|Win32.Build.0 = Release|Win32
	EndGlobalSection
	GlobalSection(SolutionProperties) = preSolution
		HideSolutionNode = FALSE
	EndGlobalSection
	GlobalSection(NestedProjects) = preSolution
		{1BF75FEB-87DD-486C-880B-227987D191C2} = {2BFC806B-CE92-4EA4-8FE8-5F2EA54BA348}
		{416E416C-4CE6-4163-888B-884D8AD77F7B} = {2BFC806B-CE92-4EA4-8FE8-5F2EA54BA348}
		{A6F2CF4F-596A-4CCC-97B8-B3BDEFC4296E} = {8852B2E8-14DF-4EE0-A27E-AF0FCFB08DB2}
		{8231C1C4-626A-4625-A0ED-11F321A05D8A} = {3296F10D-6028-47EE-9DD3-70E4B240418A}
		{FF30840B-C9E7-4EF8-99DA-5F798535201A} = {3296F10D-6028-47EE-9DD3-70E4B240418A}
		{83F61FEE-51D7-4D49-AAFE-02E2ADAA8CB0} = {A6F2CF4F-596A-4CCC-97B8-B3BDEFC4296E}
		{60670C5E-277E-46F5-9AF5-608DF325F3C5} = {A6F2CF4F-596A-4CCC-97B8-B3BDEFC4296E}
		{9231E588-8FF7-4349-8FB3-C6219D12BE0C} = {8852B2E8-14DF-4EE0-A27E-AF0FCFB08DB2}
		{762D3CF8-DD6D-44B4-881C-DBC6F15544F1} = {8852B2E8-14DF-4EE0-A27E-AF0FCFB08DB2}
		{3069DDE2-B851-484D-94BB-BC53146C8EEE} = {2BFC806B-CE92-4EA4-8FE8-5F2EA54BA348}
		{E27D3328-904A-4AA1-B62F-932A7AA0A614} = {4C57098F-DEF5-4E4E-918D-5FD02971AA8E}
		{830934D9-6F6C-C37D-18F2-FB3304348F00} = {2BFC806B-CE92-4EA4-8FE8-5F2EA54BA348}
		{15CBFEFF-7965-41F5-B4E2-21E8795C9159} = {2BFC806B-CE92-4EA4-8FE8-5F2EA54BA348}
		{3A214E06-B95E-4D61-A291-1F8DF2EC10FD} = {2BFC806B-CE92-4EA4-8FE8-5F2EA54BA348}
		{CEBDE98B-A6AA-46E6-BC79-FAAF823DB9EC} = {2BFC806B-CE92-4EA4-8FE8-5F2EA54BA348}
		{653F3841-3F26-49B9-AFCF-091DB4B67031} = {2BFC806B-CE92-4EA4-8FE8-5F2EA54BA348}
		{CE2F84C9-34DD-436B-AFF9-D3A84C290E0C} = {2BFC806B-CE92-4EA4-8FE8-5F2EA54BA348}
	EndGlobalSection
	GlobalSection(ExtensibilityGlobals) = postSolution
		SolutionGuid = {5A034DD9-8627-4CC6-8C84-A77B9E7A076A}
	EndGlobalSection
	GlobalSection(DPCodeReviewSolutionGUID) = preSolution
		DPCodeReviewSolutionGUID = {00000000-0000-0000-0000-000000000000}
	EndGlobalSection
EndGlobal
