<?xml version="1.0" encoding="utf-8"?>
<Project ToolsVersion="4.0" xmlns="http://schemas.microsoft.com/developer/msbuild/2003">
  <ItemGroup>
    <ClInclude Include="pch.h">
      <Filter>Kernel</Filter>
    </ClInclude>
    <ClInclude Include="xrRenderBackend.h" />
    <ClInclude Include="framework.h">
      <Filter>Kernel</Filter>
    </ClInclude>
    <ClInclude Include="xrRenderBackendAPI.h" />
    <ClInclude Include="d3d9fwd.h">
      <Filter>Kernel</Filter>
    </ClInclude>
    <ClInclude Include="States\StateCache.h">
      <Filter>States</Filter>
    </ClInclude>
    <ClInclude Include="Resources\ResourceManager.h">
      <Filter>Resources</Filter>
    </ClInclude>
    <ClInclude Include="Resources\ResourceState.h">
      <Filter>Resources</Filter>
    </ClInclude>
    <ClInclude Include="Resources\SharedResource.h">
      <Filter>Resources</Filter>
    </ClInclude>
    <ClInclude Include="xrRenderBackendMacros.h" />
    <ClInclude Include="RenderBackend.h" />
    <ClInclude Include="Resources\Textures\Texture.h">
      <Filter>Resources\Textures</Filter>
    </ClInclude>
    <ClInclude Include="Resources\Geometry\Buffer.h">
      <Filter>Resources\Geometry</Filter>
    </ClInclude>
    <ClInclude Include="Resources\Geometry\VertexDeclaration.h">
      <Filter>Resources\Geometry</Filter>
    </ClInclude>
    <ClInclude Include="Resources\Geometry\Geometry.h">
      <Filter>Resources\Geometry</Filter>
    </ClInclude>
    <ClInclude Include="Resources\Shaders\ShaderConstant.h">
      <Filter>Resources\Shaders</Filter>
    </ClInclude>
    <ClInclude Include="Resources\Shaders\ShaderConstantBuffer.h">
      <Filter>Resources\Shaders</Filter>
    </ClInclude>
    <ClInclude Include="Resources\Shaders\ShaderConstantTable.h">
      <Filter>Resources\Shaders</Filter>
    </ClInclude>
    <ClInclude Include="Resources\Shaders\ShaderIncluder.h">
      <Filter>Resources\Shaders</Filter>
    </ClInclude>
    <ClInclude Include="Resources\Shaders\ShaderPass.h">
      <Filter>Resources\Shaders</Filter>
    </ClInclude>
    <ClInclude Include="Resources\Shaders\ShaderProgram.h">
      <Filter>Resources\Shaders</Filter>
    </ClInclude>
    <ClInclude Include="Resources\Shaders\ShaderSampler.h">
      <Filter>Resources\Shaders</Filter>
    </ClInclude>
    <ClInclude Include="Resources\Shaders\ShaderSamplerBinding.h">
      <Filter>Resources\Shaders</Filter>
    </ClInclude>
  </ItemGroup>
  <ItemGroup>
    <ClCompile Include="dllmain.cpp">
      <Filter>Kernel</Filter>
    </ClCompile>
    <ClCompile Include="pch.cpp">
      <Filter>Kernel</Filter>
    </ClCompile>
    <ClCompile Include="States\StateCache.cpp">
      <Filter>States</Filter>
    </ClCompile>
    <ClCompile Include="Resources\ResourceManager.cpp">
      <Filter>Resources</Filter>
    </ClCompile>
    <ClCompile Include="RenderBackend.cpp" />
    <ClCompile Include="Resources\Geometry\Geometry.cpp">
      <Filter>Resources\Geometry</Filter>
    </ClCompile>
    <ClCompile Include="Resources\Shaders\ShaderConstantBuffer.cpp">
      <Filter>Resources\Shaders</Filter>
    </ClCompile>
    <ClCompile Include="Resources\Shaders\ShaderConstantTable.cpp">
      <Filter>Resources\Shaders</Filter>
    </ClCompile>
    <ClCompile Include="Resources\Shaders\ShaderIncluder.cpp">
      <Filter>Resources\Shaders</Filter>
    </ClCompile>
    <ClCompile Include="Resources\Shaders\ShaderPass.cpp">
      <Filter>Resources\Shaders</Filter>
    </ClCompile>
    <ClCompile Include="Resources\Shaders\ShaderProgram.cpp">
      <Filter>Resources\Shaders</Filter>
    </ClCompile>
    <ClCompile Include="Resources\Shaders\ShaderSampler.cpp">
      <Filter>Resources\Shaders</Filter>
    </ClCompile>
    <ClCompile Include="Resources\Textures\Texture.cpp">
      <Filter>Resources\Textures</Filter>
    </ClCompile>
    <ClCompile Include="Resources\Geometry\Buffer.cpp">
      <Filter>Resources\Geometry</Filter>
    </ClCompile>
    <ClCompile Include="Resources\Geometry\VertexDeclaration.cpp">
      <Filter>Resources\Geometry</Filter>
    </ClCompile>
  </ItemGroup>
  <ItemGroup>
    <Filter Include="Kernel">
      <UniqueIdentifier>{9ab4b5a3-b0ec-413f-9789-bf32f83c0004}</UniqueIdentifier>
    </Filter>
    <Filter Include="States">
      <UniqueIdentifier>{2e237a42-d93e-4166-84a0-60c18f3abeb2}</UniqueIdentifier>
    </Filter>
    <Filter Include="Resources">
      <UniqueIdentifier>{7d118cd4-b2e7-4c90-91c3-9b8f33dcbae1}</UniqueIdentifier>
    </Filter>
    <Filter Include="Resources\Textures">
      <UniqueIdentifier>{e2aa0e0b-3315-4c44-b555-03bcfe3b89fb}</UniqueIdentifier>
    </Filter>
    <Filter Include="Resources\Geometry">
      <UniqueIdentifier>{493c9911-76b0-43c1-b90d-60eabfd0f35a}</UniqueIdentifier>
    </Filter>
    <Filter Include="Resources\Shaders">
      <UniqueIdentifier>{f8e9268e-5881-47a6-ae0c-1969e52c95c5}</UniqueIdentifier>
    </Filter>
  </ItemGroup>
</Project>