<?xml version="1.0" encoding="utf-8"?>
<Project ToolsVersion="4.0" xmlns="http://schemas.microsoft.com/developer/msbuild/2003">
  <ItemGroup>
    <ClInclude Include="ShaderConstant.h">
      <Filter>Shaders</Filter>
    </ClInclude>
    <ClInclude Include="ShaderConstantBuffer.h">
      <Filter>Shaders</Filter>
    </ClInclude>
    <ClInclude Include="ShaderConstantTable.h">
      <Filter>Shaders</Filter>
    </ClInclude>
    <ClInclude Include="ShaderIncluder.h">
      <Filter>Shaders</Filter>
    </ClInclude>
    <ClInclude Include="ShaderPass.h">
      <Filter>Shaders</Filter>
    </ClInclude>
    <ClInclude Include="ShaderProgram.h">
      <Filter>Shaders</Filter>
    </ClInclude>
    <ClInclude Include="pch.h">
      <Filter>Kernel</Filter>
    </ClInclude>
    <ClInclude Include="xrRenderBackend.h" />
    <ClInclude Include="framework.h">
      <Filter>Kernel</Filter>
    </ClInclude>
    <ClInclude Include="lib_io.h">
      <Filter>Kernel</Filter>
    </ClInclude>
  </ItemGroup>
  <ItemGroup>
    <ClCompile Include="ShaderConstantBuffer.cpp">
      <Filter>Shaders</Filter>
    </ClCompile>
    <ClCompile Include="ShaderConstantTable.cpp">
      <Filter>Shaders</Filter>
    </ClCompile>
    <ClCompile Include="ShaderIncluder.cpp">
      <Filter>Shaders</Filter>
    </ClCompile>
    <ClCompile Include="ShaderPass.cpp">
      <Filter>Shaders</Filter>
    </ClCompile>
    <ClCompile Include="ShaderProgram.cpp">
      <Filter>Shaders</Filter>
    </ClCompile>
    <ClCompile Include="dllmain.cpp">
      <Filter>Kernel</Filter>
    </ClCompile>
    <ClCompile Include="pch.cpp">
      <Filter>Kernel</Filter>
    </ClCompile>
  </ItemGroup>
  <ItemGroup>
    <Filter Include="Shaders">
      <UniqueIdentifier>{d3888c7c-0173-43b4-9f68-5576abfa16ab}</UniqueIdentifier>
    </Filter>
    <Filter Include="Kernel">
      <UniqueIdentifier>{9ab4b5a3-b0ec-413f-9789-bf32f83c0004}</UniqueIdentifier>
    </Filter>
  </ItemGroup>
</Project>