<?xml version="1.0" encoding="utf-8"?>
<Project ToolsVersion="4.0" xmlns="http://schemas.microsoft.com/developer/msbuild/2003">
  <ItemGroup>
    <Filter Include="Kernel">
      <UniqueIdentifier>{4FC737F1-C7A5-4376-A066-2A32D752A2FF}</UniqueIdentifier>
      <Extensions>cpp;c;cc;cxx;c++;cppm;ixx;def;odl;idl;hpj;bat;asm;asmx</Extensions>
    </Filter>
    <Filter Include="Core">
      <UniqueIdentifier>{798aced2-22af-427e-96b3-796a82f0c115}</UniqueIdentifier>
    </Filter>
    <Filter Include="Fabric">
      <UniqueIdentifier>{713c8ec5-1929-45ad-a05b-415002361e02}</UniqueIdentifier>
    </Filter>
    <Filter Include="Backends Implementation">
      <UniqueIdentifier>{80cb4af7-79ac-41f6-98f4-3562fcb26472}</UniqueIdentifier>
    </Filter>
    <Filter Include="Backends Implementation\DirectX9">
      <UniqueIdentifier>{c20eee90-4c4d-434d-a548-b7609b644ce4}</UniqueIdentifier>
    </Filter>
  </ItemGroup>
  <ItemGroup>
    <ClInclude Include="framework.h">
      <Filter>Kernel</Filter>
    </ClInclude>
    <ClInclude Include="pch.h">
      <Filter>Kernel</Filter>
    </ClInclude>
    <ClInclude Include="xrRHI_Internal.h">
      <Filter>Core</Filter>
    </ClInclude>
    <ClInclude Include="xrRHI_Debug.h">
      <Filter>Core</Filter>
    </ClInclude>
    <ClInclude Include="xrRHI.h">
      <Filter>Core</Filter>
    </ClInclude>
    <ClInclude Include="xrRHI_Types.h">
      <Filter>Core</Filter>
    </ClInclude>
    <ClInclude Include="xrRHI_Handles.h">
      <Filter>Core</Filter>
    </ClInclude>
    <ClInclude Include="Backends\DirectX9\xrBackendDX9.h">
      <Filter>Backends Implementation\DirectX9</Filter>
    </ClInclude>
    <ClInclude Include="Backends\DirectX9\xrBackendDX9_Internal.h">
      <Filter>Backends Implementation\DirectX9</Filter>
    </ClInclude>
    <ClInclude Include="xrRHI_Caps.h">
      <Filter>Core</Filter>
    </ClInclude>
  </ItemGroup>
  <ItemGroup>
    <ClCompile Include="dllmain.cpp">
      <Filter>Kernel</Filter>
    </ClCompile>
    <ClCompile Include="pch.cpp">
      <Filter>Kernel</Filter>
    </ClCompile>
    <ClCompile Include="Fabric.cpp">
      <Filter>Fabric</Filter>
    </ClCompile>
    <ClCompile Include="xrRHI_Debug.cpp">
      <Filter>Core</Filter>
    </ClCompile>
    <ClCompile Include="Backends\DirectX9\xrBackendDX9.cpp">
      <Filter>Backends Implementation\DirectX9</Filter>
    </ClCompile>
    <ClCompile Include="Backends\DirectX9\xrBackendDX9_Internal.cpp">
      <Filter>Backends Implementation\DirectX9</Filter>
    </ClCompile>
    <ClCompile Include="Backends\DirectX9\xrBackendDX9_Sampler.cpp">
      <Filter>Backends Implementation\DirectX9</Filter>
    </ClCompile>
    <ClCompile Include="Backends\DirectX9\xrBackendDX9_Texture.cpp">
      <Filter>Backends Implementation\DirectX9</Filter>
    </ClCompile>
    <ClCompile Include="Backends\DirectX9\xrBackendDX9_Caps.cpp">
      <Filter>Backends Implementation\DirectX9</Filter>
    </ClCompile>
  </ItemGroup>
  <ItemGroup>
    <None Include="cpp.hint">
      <Filter>Kernel</Filter>
    </None>
  </ItemGroup>
</Project>