<?xml version="1.0" encoding="utf-8"?>
<Project ToolsVersion="4.0" xmlns="http://schemas.microsoft.com/developer/msbuild/2003">
  <ItemGroup>
    <Filter Include="Kernel">
      <UniqueIdentifier>{4FC737F1-C7A5-4376-A066-2A32D752A2FF}</UniqueIdentifier>
      <Extensions>cpp;c;cc;cxx;c++;cppm;ixx;def;odl;idl;hpj;bat;asm;asmx</Extensions>
    </Filter>
    <Filter Include="Core">
      <UniqueIdentifier>{798aced2-22af-427e-96b3-796a82f0c115}</UniqueIdentifier>
    </Filter>
  </ItemGroup>
  <ItemGroup>
    <ClInclude Include="framework.h">
      <Filter>Kernel</Filter>
    </ClInclude>
    <ClInclude Include="pch.h">
      <Filter>Kernel</Filter>
    </ClInclude>
    <ClInclude Include="..\..\Sources\xrRHI\xrRHI.h">
      <Filter>Core</Filter>
    </ClInclude>
    <ClInclude Include="..\..\Sources\xrRHI\xrRHI_Types.h">
      <Filter>Core</Filter>
    </ClInclude>
  </ItemGroup>
  <ItemGroup>
    <ClCompile Include="dllmain.cpp">
      <Filter>Kernel</Filter>
    </ClCompile>
    <ClCompile Include="pch.cpp">
      <Filter>Kernel</Filter>
    </ClCompile>
  </ItemGroup>
</Project>