<?xml version="1.0" encoding="utf-8"?>
<Project ToolsVersion="4.0" xmlns="http://schemas.microsoft.com/developer/msbuild/2003">
  <ItemGroup>
    <Filter Include="Kernel">
      <UniqueIdentifier>{93995380-89BD-4b04-88EB-625FBE52EBFB}</UniqueIdentifier>
      <Extensions>h;hh;hpp;hxx;h++;hm;inl;inc;ipp;xsd</Extensions>
    </Filter>
    <Filter Include="Math">
      <UniqueIdentifier>{90641014-7e16-4c88-874d-dc50401fc98d}</UniqueIdentifier>
    </Filter>
  </ItemGroup>
  <ItemGroup>
    <ClInclude Include="framework.h">
      <Filter>Kernel</Filter>
    </ClInclude>
    <ClInclude Include="pch.h">
      <Filter>Kernel</Filter>
    </ClInclude>
    <ClInclude Include="xrMathCommon.h">
      <Filter>Kernel</Filter>
    </ClInclude>
    <ClInclude Include="math_constants.h">
      <Filter>Math</Filter>
    </ClInclude>
    <ClInclude Include="math_float3.h">
      <Filter>Math</Filter>
    </ClInclude>
    <ClInclude Include="math_float2.h">
      <Filter>Math</Filter>
    </ClInclude>
    <ClInclude Include="math_float4.h">
      <Filter>Math</Filter>
    </ClInclude>
    <ClInclude Include="math_float3x3.h">
      <Filter>Math</Filter>
    </ClInclude>
    <ClInclude Include="math_float4x4.h">
      <Filter>Math</Filter>
    </ClInclude>
    <ClInclude Include="math_quaternion.h">
      <Filter>Math</Filter>
    </ClInclude>
    <ClInclude Include="math_implementation.h">
      <Filter>Math</Filter>
    </ClInclude>
    <ClInclude Include="xrMath.h">
      <Filter>Math</Filter>
    </ClInclude>
    <ClInclude Include="math_plane.h">
      <Filter>Math</Filter>
    </ClInclude>
    <ClInclude Include="math_aabb.h">
      <Filter>Math</Filter>
    </ClInclude>
    <ClInclude Include="math_flags.h">
      <Filter>Math</Filter>
    </ClInclude>
    <ClInclude Include="math_types.h">
      <Filter>Math</Filter>
    </ClInclude>
    <ClInclude Include="math_obb.h">
      <Filter>Math</Filter>
    </ClInclude>
    <ClInclude Include="math_plane2.h">
      <Filter>Math</Filter>
    </ClInclude>
    <ClInclude Include="math_random.h">
      <Filter>Math</Filter>
    </ClInclude>
    <ClInclude Include="math_bitwise.h">
      <Filter>Math</Filter>
    </ClInclude>
    <ClInclude Include="math_utils.h">
      <Filter>Math</Filter>
    </ClInclude>
    <ClInclude Include="math_rect.h">
      <Filter>Math</Filter>
    </ClInclude>
    <ClInclude Include="math_sphere.h">
      <Filter>Math</Filter>
    </ClInclude>
    <ClInclude Include="math_cylinder.h">
      <Filter>Math</Filter>
    </ClInclude>
    <ClInclude Include="math_color.h">
      <Filter>Math</Filter>
    </ClInclude>
    <ClInclude Include="math_compress_normal.h">
      <Filter>Math</Filter>
    </ClInclude>
  </ItemGroup>
  <ItemGroup>
    <ClCompile Include="dllmain.cpp">
      <Filter>Kernel</Filter>
    </ClCompile>
    <ClCompile Include="pch.cpp">
      <Filter>Kernel</Filter>
    </ClCompile>
    <ClCompile Include="math_random.cpp">
      <Filter>Math</Filter>
    </ClCompile>
    <ClCompile Include="math_compress_normal.cpp">
      <Filter>Math</Filter>
    </ClCompile>
  </ItemGroup>
  <ItemGroup>
    <None Include="cpp.hint" />
  </ItemGroup>
</Project>