<?xml version="1.0" encoding="utf-8"?>
<Project ToolsVersion="4.0" xmlns="http://schemas.microsoft.com/developer/msbuild/2003">
  <ItemGroup>
    <Filter Include="Kernel">
      <UniqueIdentifier>{4FC737F1-C7A5-4376-A066-2A32D752A2FF}</UniqueIdentifier>
      <Extensions>cpp;c;cc;cxx;c++;cppm;ixx;def;odl;idl;hpj;bat;asm;asmx</Extensions>
    </Filter>
    <Filter Include="Math">
      <UniqueIdentifier>{bc7de5b5-6c2d-4c2b-bbab-7950682c0538}</UniqueIdentifier>
    </Filter>
  </ItemGroup>
  <ItemGroup>
    <ClInclude Include="pch.h">
      <Filter>Kernel</Filter>
    </ClInclude>
    <ClInclude Include="framework.h">
      <Filter>Kernel</Filter>
    </ClInclude>
    <ClInclude Include="xrMath_bitwise.h">
      <Filter>Math</Filter>
    </ClInclude>
    <ClInclude Include="xrMath_color.h">
      <Filter>Math</Filter>
    </ClInclude>
    <ClInclude Include="xrMath_compressed_normal.h">
      <Filter>Math</Filter>
    </ClInclude>
    <ClInclude Include="xrMath_cylinder.h">
      <Filter>Math</Filter>
    </ClInclude>
    <ClInclude Include="xrMath_fbox.h">
      <Filter>Math</Filter>
    </ClInclude>
    <ClInclude Include="xrMath_fbox2.h">
      <Filter>Math</Filter>
    </ClInclude>
    <ClInclude Include="xrMath_flags.h">
      <Filter>Math</Filter>
    </ClInclude>
    <ClInclude Include="xrMath_matrix.h">
      <Filter>Math</Filter>
    </ClInclude>
    <ClInclude Include="xrMath_matrix33.h">
      <Filter>Math</Filter>
    </ClInclude>
    <ClInclude Include="xrMath_obb.h">
      <Filter>Math</Filter>
    </ClInclude>
    <ClInclude Include="xrMath_plane.h">
      <Filter>Math</Filter>
    </ClInclude>
    <ClInclude Include="xrMath_plane2.h">
      <Filter>Math</Filter>
    </ClInclude>
    <ClInclude Include="xrMath_quaternion.h">
      <Filter>Math</Filter>
    </ClInclude>
    <ClInclude Include="xrMath_random.h">
      <Filter>Math</Filter>
    </ClInclude>
    <ClInclude Include="xrMath_rect.h">
      <Filter>Math</Filter>
    </ClInclude>
    <ClInclude Include="xrMath_vector2.h">
      <Filter>Math</Filter>
    </ClInclude>
    <ClInclude Include="xrMath_vector3d.h">
      <Filter>Math</Filter>
    </ClInclude>
    <ClInclude Include="xrMath_vector4.h">
      <Filter>Math</Filter>
    </ClInclude>
    <ClInclude Include="xrMath_constants.h">
      <Filter>Math</Filter>
    </ClInclude>
    <ClInclude Include="xrMath_implementation.h">
      <Filter>Math</Filter>
    </ClInclude>
    <ClInclude Include="xrMath_splines.h">
      <Filter>Math</Filter>
    </ClInclude>
    <ClInclude Include="xrMath_types.h">
      <Filter>Math</Filter>
    </ClInclude>
    <ClInclude Include="xrMath_utils.h">
      <Filter>Math</Filter>
    </ClInclude>
    <ClInclude Include="xrMath.h">
      <Filter>Math</Filter>
    </ClInclude>
    <ClInclude Include="xrMath_common.h">
      <Filter>Math</Filter>
    </ClInclude>
    <ClInclude Include="xrMath_sphere.h">
      <Filter>Math</Filter>
    </ClInclude>
  </ItemGroup>
  <ItemGroup>
    <ClCompile Include="dllmain.cpp">
      <Filter>Kernel</Filter>
    </ClCompile>
    <ClCompile Include="pch.cpp">
      <Filter>Kernel</Filter>
    </ClCompile>
    <ClCompile Include="xrMath_compressed_normal.cpp">
      <Filter>Math</Filter>
    </ClCompile>
    <ClCompile Include="xrMath.cpp">
      <Filter>Math</Filter>
    </ClCompile>
    <ClCompile Include="xrMath_sphere.cpp">
      <Filter>Math</Filter>
    </ClCompile>
  </ItemGroup>
</Project>